
Microsoft Visual Studio Solution File, Format Version 12.00
# Visual Studio Version 17
VisualStudioVersion = 17.4.33122.133
MinimumVisualStudioVersion = 10.0.40219.1
Project("{FAE04EC0-301F-11D3-BF4B-00C04F79EFBC}") = "MVCExample", "MVCExample\MVCExample.csproj", "{FAA77470-D87B-49BD-8985-A54EA1A8F5B9}"
EndProject
Global
	GlobalSection(SolutionConfigurationPlatforms) = preSolution
		Debug|Any CPU = Debug|Any CPU
		Release|Any CPU = Release|Any CPU
	EndGlobalSection
	GlobalSection(ProjectConfigurationPlatforms) = postSolution
		{FAA77470-D87B-49BD-8985-A54EA1A8F5B9}.Debug|Any CPU.ActiveCfg = Debug|Any CPU
		{FAA77470-D87B-49BD-8985-A54EA1A8F5B9}.Debug|Any CPU.Build.0 = Debug|Any CPU
		{FAA77470-D87B-49BD-8985-A54EA1A8F5B9}.Release|Any CPU.ActiveCfg = Release|Any CPU
		{FAA77470-D87B-49BD-8985-A54EA1A8F5B9}.Release|Any CPU.Build.0 = Release|Any CPU
	EndGlobalSection
	GlobalSection(SolutionProperties) = preSolution
		HideSolutionNode = FALSE
	EndGlobalSection
	GlobalSection(ExtensibilityGlobals) = postSolution
		SolutionGuid = {55B65949-7F75-449A-998C-6768CFA10E3F}
	EndGlobalSection
EndGlobal
